
Microsoft Visual Studio Solution File, Format Version 12.00
# Visual Studio 15
Project("{FAE04EC0-301F-11D3-BF4B-00C04F79EFBC}") = "Cardscan", "Cardscan\Cardscan.csproj", "{EC85641E-EC20-44E5-8516-F8FAB1CAD199}"
EndProject
Project("{FAE04EC0-301F-11D3-BF4B-00C04F79EFBC}") = "junk", "junk\junk.csproj", "{3A0FBBB9-2DFD-4FE7-BC00-915D12183BAD}"
EndProject
Project("{FAE04EC0-301F-11D3-BF4B-00C04F79EFBC}") = "TensorflowLite", "TensorflowLite\TensorflowLite.csproj", "{5A7B9B65-F33B-4174-8D30-6F5A30215370}"
EndProject
Project("{FAE04EC0-301F-11D3-BF4B-00C04F79EFBC}") = "TensorflowLiteGpu", "TensorflowLiteGpu\TensorflowLiteGpu.csproj", "{18D20B74-394F-4C48-81AD-90595B4EED47}"
EndProject
Project("{FAE04EC0-301F-11D3-BF4B-00C04F79EFBC}") = "CardscanBase", "CardscanBase\CardscanBase.csproj", "{A1A84FEE-5EAC-474D-BCFE-26E2B4F93FE2}"
EndProject
Project("{FAE04EC0-301F-11D3-BF4B-00C04F79EFBC}") = "CardScanIosBinding", "CardScanIosBinding\CardScanIosBinding.csproj", "{FB920445-69ED-44F3-A47D-B547BE3CB5F9}"
EndProject
Project("{FAE04EC0-301F-11D3-BF4B-00C04F79EFBC}") = "CardScanIos", "CardScanIos\CardScanIos.csproj", "{2E2C3EDA-F083-4124-A422-D0F4C69D2C64}"
EndProject
Global
	GlobalSection(SolutionConfigurationPlatforms) = preSolution
		Debug|Any CPU = Debug|Any CPU
		Release|Any CPU = Release|Any CPU
		Debug|iPhoneSimulator = Debug|iPhoneSimulator
		Release|iPhoneSimulator = Release|iPhoneSimulator
		Debug|iPhone = Debug|iPhone
		Release|iPhone = Release|iPhone
	EndGlobalSection
	GlobalSection(ProjectConfigurationPlatforms) = postSolution
		{EC85641E-EC20-44E5-8516-F8FAB1CAD199}.Debug|Any CPU.ActiveCfg = Debug|Any CPU
		{EC85641E-EC20-44E5-8516-F8FAB1CAD199}.Debug|Any CPU.Build.0 = Debug|Any CPU
		{EC85641E-EC20-44E5-8516-F8FAB1CAD199}.Release|Any CPU.ActiveCfg = Release|Any CPU
		{EC85641E-EC20-44E5-8516-F8FAB1CAD199}.Release|Any CPU.Build.0 = Release|Any CPU
		{EC85641E-EC20-44E5-8516-F8FAB1CAD199}.Debug|iPhoneSimulator.ActiveCfg = Debug|Any CPU
		{EC85641E-EC20-44E5-8516-F8FAB1CAD199}.Debug|iPhoneSimulator.Build.0 = Debug|Any CPU
		{EC85641E-EC20-44E5-8516-F8FAB1CAD199}.Release|iPhoneSimulator.ActiveCfg = Release|Any CPU
		{EC85641E-EC20-44E5-8516-F8FAB1CAD199}.Release|iPhoneSimulator.Build.0 = Release|Any CPU
		{EC85641E-EC20-44E5-8516-F8FAB1CAD199}.Debug|iPhone.ActiveCfg = Debug|Any CPU
		{EC85641E-EC20-44E5-8516-F8FAB1CAD199}.Debug|iPhone.Build.0 = Debug|Any CPU
		{EC85641E-EC20-44E5-8516-F8FAB1CAD199}.Release|iPhone.ActiveCfg = Release|Any CPU
		{EC85641E-EC20-44E5-8516-F8FAB1CAD199}.Release|iPhone.Build.0 = Release|Any CPU
		{3A0FBBB9-2DFD-4FE7-BC00-915D12183BAD}.Debug|Any CPU.ActiveCfg = Debug|Any CPU
		{3A0FBBB9-2DFD-4FE7-BC00-915D12183BAD}.Debug|Any CPU.Build.0 = Debug|Any CPU
		{3A0FBBB9-2DFD-4FE7-BC00-915D12183BAD}.Release|Any CPU.ActiveCfg = Release|Any CPU
		{3A0FBBB9-2DFD-4FE7-BC00-915D12183BAD}.Release|Any CPU.Build.0 = Release|Any CPU
		{3A0FBBB9-2DFD-4FE7-BC00-915D12183BAD}.Debug|iPhoneSimulator.ActiveCfg = Debug|Any CPU
		{3A0FBBB9-2DFD-4FE7-BC00-915D12183BAD}.Debug|iPhoneSimulator.Build.0 = Debug|Any CPU
		{3A0FBBB9-2DFD-4FE7-BC00-915D12183BAD}.Release|iPhoneSimulator.ActiveCfg = Release|Any CPU
		{3A0FBBB9-2DFD-4FE7-BC00-915D12183BAD}.Release|iPhoneSimulator.Build.0 = Release|Any CPU
		{3A0FBBB9-2DFD-4FE7-BC00-915D12183BAD}.Debug|iPhone.ActiveCfg = Debug|Any CPU
		{3A0FBBB9-2DFD-4FE7-BC00-915D12183BAD}.Debug|iPhone.Build.0 = Debug|Any CPU
		{3A0FBBB9-2DFD-4FE7-BC00-915D12183BAD}.Release|iPhone.ActiveCfg = Release|Any CPU
		{3A0FBBB9-2DFD-4FE7-BC00-915D12183BAD}.Release|iPhone.Build.0 = Release|Any CPU
		{5A7B9B65-F33B-4174-8D30-6F5A30215370}.Debug|Any CPU.ActiveCfg = Debug|Any CPU
		{5A7B9B65-F33B-4174-8D30-6F5A30215370}.Debug|Any CPU.Build.0 = Debug|Any CPU
		{5A7B9B65-F33B-4174-8D30-6F5A30215370}.Release|Any CPU.ActiveCfg = Release|Any CPU
		{5A7B9B65-F33B-4174-8D30-6F5A30215370}.Release|Any CPU.Build.0 = Release|Any CPU
		{5A7B9B65-F33B-4174-8D30-6F5A30215370}.Debug|iPhoneSimulator.ActiveCfg = Debug|Any CPU
		{5A7B9B65-F33B-4174-8D30-6F5A30215370}.Debug|iPhoneSimulator.Build.0 = Debug|Any CPU
		{5A7B9B65-F33B-4174-8D30-6F5A30215370}.Release|iPhoneSimulator.ActiveCfg = Release|Any CPU
		{5A7B9B65-F33B-4174-8D30-6F5A30215370}.Release|iPhoneSimulator.Build.0 = Release|Any CPU
		{5A7B9B65-F33B-4174-8D30-6F5A30215370}.Debug|iPhone.ActiveCfg = Debug|Any CPU
		{5A7B9B65-F33B-4174-8D30-6F5A30215370}.Debug|iPhone.Build.0 = Debug|Any CPU
		{5A7B9B65-F33B-4174-8D30-6F5A30215370}.Release|iPhone.ActiveCfg = Release|Any CPU
		{5A7B9B65-F33B-4174-8D30-6F5A30215370}.Release|iPhone.Build.0 = Release|Any CPU
		{18D20B74-394F-4C48-81AD-90595B4EED47}.Debug|Any CPU.ActiveCfg = Debug|Any CPU
		{18D20B74-394F-4C48-81AD-90595B4EED47}.Debug|Any CPU.Build.0 = Debug|Any CPU
		{18D20B74-394F-4C48-81AD-90595B4EED47}.Release|Any CPU.ActiveCfg = Release|Any CPU
		{18D20B74-394F-4C48-81AD-90595B4EED47}.Release|Any CPU.Build.0 = Release|Any CPU
		{18D20B74-394F-4C48-81AD-90595B4EED47}.Debug|iPhoneSimulator.ActiveCfg = Debug|Any CPU
		{18D20B74-394F-4C48-81AD-90595B4EED47}.Debug|iPhoneSimulator.Build.0 = Debug|Any CPU
		{18D20B74-394F-4C48-81AD-90595B4EED47}.Release|iPhoneSimulator.ActiveCfg = Release|Any CPU
		{18D20B74-394F-4C48-81AD-90595B4EED47}.Release|iPhoneSimulator.Build.0 = Release|Any CPU
		{18D20B74-394F-4C48-81AD-90595B4EED47}.Debug|iPhone.ActiveCfg = Debug|Any CPU
		{18D20B74-394F-4C48-81AD-90595B4EED47}.Debug|iPhone.Build.0 = Debug|Any CPU
		{18D20B74-394F-4C48-81AD-90595B4EED47}.Release|iPhone.ActiveCfg = Release|Any CPU
		{18D20B74-394F-4C48-81AD-90595B4EED47}.Release|iPhone.Build.0 = Release|Any CPU
		{A1A84FEE-5EAC-474D-BCFE-26E2B4F93FE2}.Debug|Any CPU.ActiveCfg = Debug|Any CPU
		{A1A84FEE-5EAC-474D-BCFE-26E2B4F93FE2}.Debug|Any CPU.Build.0 = Debug|Any CPU
		{A1A84FEE-5EAC-474D-BCFE-26E2B4F93FE2}.Release|Any CPU.ActiveCfg = Release|Any CPU
		{A1A84FEE-5EAC-474D-BCFE-26E2B4F93FE2}.Release|Any CPU.Build.0 = Release|Any CPU
		{A1A84FEE-5EAC-474D-BCFE-26E2B4F93FE2}.Debug|iPhoneSimulator.ActiveCfg = Debug|Any CPU
		{A1A84FEE-5EAC-474D-BCFE-26E2B4F93FE2}.Debug|iPhoneSimulator.Build.0 = Debug|Any CPU
		{A1A84FEE-5EAC-474D-BCFE-26E2B4F93FE2}.Release|iPhoneSimulator.ActiveCfg = Release|Any CPU
		{A1A84FEE-5EAC-474D-BCFE-26E2B4F93FE2}.Release|iPhoneSimulator.Build.0 = Release|Any CPU
		{A1A84FEE-5EAC-474D-BCFE-26E2B4F93FE2}.Debug|iPhone.ActiveCfg = Debug|Any CPU
		{A1A84FEE-5EAC-474D-BCFE-26E2B4F93FE2}.Debug|iPhone.Build.0 = Debug|Any CPU
		{A1A84FEE-5EAC-474D-BCFE-26E2B4F93FE2}.Release|iPhone.ActiveCfg = Release|Any CPU
		{A1A84FEE-5EAC-474D-BCFE-26E2B4F93FE2}.Release|iPhone.Build.0 = Release|Any CPU
		{FB920445-69ED-44F3-A47D-B547BE3CB5F9}.Debug|Any CPU.ActiveCfg = Debug|Any CPU
		{FB920445-69ED-44F3-A47D-B547BE3CB5F9}.Debug|Any CPU.Build.0 = Debug|Any CPU
		{FB920445-69ED-44F3-A47D-B547BE3CB5F9}.Release|Any CPU.ActiveCfg = Release|Any CPU
		{FB920445-69ED-44F3-A47D-B547BE3CB5F9}.Release|Any CPU.Build.0 = Release|Any CPU
		{FB920445-69ED-44F3-A47D-B547BE3CB5F9}.Debug|iPhoneSimulator.ActiveCfg = Debug|Any CPU
		{FB920445-69ED-44F3-A47D-B547BE3CB5F9}.Debug|iPhoneSimulator.Build.0 = Debug|Any CPU
		{FB920445-69ED-44F3-A47D-B547BE3CB5F9}.Release|iPhoneSimulator.ActiveCfg = Release|Any CPU
		{FB920445-69ED-44F3-A47D-B547BE3CB5F9}.Release|iPhoneSimulator.Build.0 = Release|Any CPU
		{FB920445-69ED-44F3-A47D-B547BE3CB5F9}.Debug|iPhone.ActiveCfg = Debug|Any CPU
		{FB920445-69ED-44F3-A47D-B547BE3CB5F9}.Debug|iPhone.Build.0 = Debug|Any CPU
		{FB920445-69ED-44F3-A47D-B547BE3CB5F9}.Release|iPhone.ActiveCfg = Release|Any CPU
		{FB920445-69ED-44F3-A47D-B547BE3CB5F9}.Release|iPhone.Build.0 = Release|Any CPU
		{2E2C3EDA-F083-4124-A422-D0F4C69D2C64}.Debug|Any CPU.ActiveCfg = Debug|iPhoneSimulator
		{2E2C3EDA-F083-4124-A422-D0F4C69D2C64}.Debug|Any CPU.Build.0 = Debug|iPhoneSimulator
		{2E2C3EDA-F083-4124-A422-D0F4C69D2C64}.Release|Any CPU.ActiveCfg = Release|iPhoneSimulator
		{2E2C3EDA-F083-4124-A422-D0F4C69D2C64}.Release|Any CPU.Build.0 = Release|iPhoneSimulator
		{2E2C3EDA-F083-4124-A422-D0F4C69D2C64}.Debug|iPhoneSimulator.ActiveCfg = Debug|iPhoneSimulator
		{2E2C3EDA-F083-4124-A422-D0F4C69D2C64}.Debug|iPhoneSimulator.Build.0 = Debug|iPhoneSimulator
		{2E2C3EDA-F083-4124-A422-D0F4C69D2C64}.Release|iPhoneSimulator.ActiveCfg = Release|iPhoneSimulator
		{2E2C3EDA-F083-4124-A422-D0F4C69D2C64}.Release|iPhoneSimulator.Build.0 = Release|iPhoneSimulator
		{2E2C3EDA-F083-4124-A422-D0F4C69D2C64}.Debug|iPhone.ActiveCfg = Debug|iPhone
		{2E2C3EDA-F083-4124-A422-D0F4C69D2C64}.Debug|iPhone.Build.0 = Debug|iPhone
		{2E2C3EDA-F083-4124-A422-D0F4C69D2C64}.Release|iPhone.ActiveCfg = Release|iPhone
		{2E2C3EDA-F083-4124-A422-D0F4C69D2C64}.Release|iPhone.Build.0 = Release|iPhone
	EndGlobalSection
EndGlobal
